{
  "version": 4,
  "terraform_version": "0.14.6",
  "serial": 65,
  "lineage": "0680757e-14c4-ec08-30c1-788162b45299",
  "outputs": {},
  "resources": [
    {
      "module": "module.bucket_s3[\"your-bucket-weekly-1234567812\"]",
      "mode": "managed",
      "type": "aws_s3_bucket",
      "name": "default",
      "provider": "provider[\"registry.terraform.io/hashicorp/aws\"]",
      "instances": [
        {
          "schema_version": 0,
          "attributes": {
            "acceleration_status": "Suspended",
            "acl": "private",
            "arn": "arn:aws:s3:::your-bucket-weekly-1234567812",
            "bucket": "your-bucket-weekly-1234567812",
            "bucket_domain_name": "your-bucket-weekly-1234567812.s3.amazonaws.com",
            "bucket_prefix": null,
            "bucket_regional_domain_name": "your-bucket-weekly-1234567812.s3.amazonaws.com",
            "cors_rule": [],
            "force_destroy": true,
            "grant": [],
            "hosted_zone_id": "Z3AQBSTGFYJSTF",
            "id": "your-bucket-weekly-1234567812",
            "lifecycle_rule": [
              {
                "abort_incomplete_multipart_upload_days": 0,
                "enabled": true,
                "expiration": [
                  {
                    "date": "",
                    "days": 180,
                    "expired_object_delete_marker": false
                  }
                ],
                "id": "your-bucket-weekly-1234567812",
                "noncurrent_version_expiration": [],
                "noncurrent_version_transition": [],
                "prefix": "your-bucket-weekly-1234567812",
                "tags": {},
                "transition": [
                  {
                    "date": "",
                    "days": 30,
                    "storage_class": "STANDARD_IA"
                  },
                  {
                    "date": "",
                    "days": 60,
                    "storage_class": "GLACIER"
                  }
                ]
              }
            ],
            "logging": [],
            "object_lock_configuration": [],
            "policy": null,
            "region": "us-east-1",
            "replication_configuration": [],
            "request_payer": "BucketOwner",
            "server_side_encryption_configuration": [
              {
                "rule": [
                  {
                    "apply_server_side_encryption_by_default": [
                      {
                        "kms_master_key_id": "",
                        "sse_algorithm": "AES256"
                      }
                    ]
                  }
                ]
              }
            ],
            "tags": {},
            "versioning": [
              {
                "enabled": true,
                "mfa_delete": false
              }
            ],
            "website": [],
            "website_domain": null,
            "website_endpoint": null
          },
          "sensitive_attributes": [],
          "private": "bnVsbA=="
        }
      ]
    },
    {
      "module": "module.bucket_s3[\"your-bucket-weekly-1234567812\"]",
      "mode": "managed",
      "type": "aws_s3_bucket_public_access_block",
      "name": "my-bucket",
      "provider": "provider[\"registry.terraform.io/hashicorp/aws\"]",
      "instances": [
        {
          "schema_version": 0,
          "attributes": {
            "block_public_acls": true,
            "block_public_policy": true,
            "bucket": "your-bucket-weekly-1234567812",
            "id": "your-bucket-weekly-1234567812",
            "ignore_public_acls": true,
            "restrict_public_buckets": true
          },
          "sensitive_attributes": []
        }
      ]
    }
  ]
}
